
Microsoft Visual Studio Solution File, Format Version 12.00
# Visual Studio 2013
VisualStudioVersion = 12.0.30501.0
MinimumVisualStudioVersion = 10.0.40219.1
Project("{8BC9CEB8-8B4A-11D0-8D11-00A0C91BC942}") = "client", "client\client.vcxproj", "{AA4026E9-01E0-4ABF-AC9E-30599908E929}"
	ProjectSection(ProjectDependencies) = postProject
		{13A19B1D-C54D-49FD-A659-7EB060738216} = {13A19B1D-C54D-49FD-A659-7EB060738216}
		{6A3F6871-263E-4FA5-94DA-90BEF805C5CA} = {6A3F6871-263E-4FA5-94DA-90BEF805C5CA}
	EndProjectSection
EndProject
Project("{8BC9CEB8-8B4A-11D0-8D11-00A0C91BC942}") = "Server", "Server\Server.vcxproj", "{6A3F6871-263E-4FA5-94DA-90BEF805C5CA}"
	ProjectSection(ProjectDependencies) = postProject
		{13A19B1D-C54D-49FD-A659-7EB060738216} = {13A19B1D-C54D-49FD-A659-7EB060738216}
	EndProjectSection
EndProject
Project("{8BC9CEB8-8B4A-11D0-8D11-00A0C91BC942}") = "TCPConnectionLib", "TCPConnectionLib\TCPConnectionLib.vcxproj", "{13A19B1D-C54D-49FD-A659-7EB060738216}"
EndProject
Global
	GlobalSection(SolutionConfigurationPlatforms) = preSolution
		Debug|Win32 = Debug|Win32
		Release|Win32 = Release|Win32
	EndGlobalSection
	GlobalSection(ProjectConfigurationPlatforms) = postSolution
		{AA4026E9-01E0-4ABF-AC9E-30599908E929}.Debug|Win32.ActiveCfg = Debug|Win32
		{AA4026E9-01E0-4ABF-AC9E-30599908E929}.Debug|Win32.Build.0 = Debug|Win32
		{AA4026E9-01E0-4ABF-AC9E-30599908E929}.Release|Win32.ActiveCfg = Release|Win32
		{AA4026E9-01E0-4ABF-AC9E-30599908E929}.Release|Win32.Build.0 = Release|Win32
		{6A3F6871-263E-4FA5-94DA-90BEF805C5CA}.Debug|Win32.ActiveCfg = Debug|Win32
		{6A3F6871-263E-4FA5-94DA-90BEF805C5CA}.Debug|Win32.Build.0 = Debug|Win32
		{6A3F6871-263E-4FA5-94DA-90BEF805C5CA}.Release|Win32.ActiveCfg = Release|Win32
		{6A3F6871-263E-4FA5-94DA-90BEF805C5CA}.Release|Win32.Build.0 = Release|Win32
		{13A19B1D-C54D-49FD-A659-7EB060738216}.Debug|Win32.ActiveCfg = Debug|Win32
		{13A19B1D-C54D-49FD-A659-7EB060738216}.Debug|Win32.Build.0 = Debug|Win32
		{13A19B1D-C54D-49FD-A659-7EB060738216}.Release|Win32.ActiveCfg = Release|Win32
		{13A19B1D-C54D-49FD-A659-7EB060738216}.Release|Win32.Build.0 = Release|Win32
	EndGlobalSection
	GlobalSection(SolutionProperties) = preSolution
		HideSolutionNode = FALSE
	EndGlobalSection
EndGlobal
